
Microsoft Visual Studio Solution File, Format Version 12.00
# Visual Studio Version 16
VisualStudioVersion = 16.0.31112.23
MinimumVisualStudioVersion = 10.0.40219.1
Project("{FAE04EC0-301F-11D3-BF4B-00C04F79EFBC}") = "LinkvertiseBypass", "LinkvertiseBypass.csproj", "{4072A33C-34C8-4AF5-8E3F-77DAE71C737C}"
EndProject
Global
	GlobalSection(SolutionConfigurationPlatforms) = preSolution
		Debug|Any CPU = Debug|Any CPU
		Release|Any CPU = Release|Any CPU
	EndGlobalSection
	GlobalSection(ProjectConfigurationPlatforms) = postSolution
		{4072A33C-34C8-4AF5-8E3F-77DAE71C737C}.Debug|Any CPU.ActiveCfg = Debug|Any CPU
		{4072A33C-34C8-4AF5-8E3F-77DAE71C737C}.Debug|Any CPU.Build.0 = Debug|Any CPU
		{4072A33C-34C8-4AF5-8E3F-77DAE71C737C}.Release|Any CPU.ActiveCfg = Release|Any CPU
		{4072A33C-34C8-4AF5-8E3F-77DAE71C737C}.Release|Any CPU.Build.0 = Release|Any CPU
	EndGlobalSection
	GlobalSection(SolutionProperties) = preSolution
		HideSolutionNode = FALSE
	EndGlobalSection
	GlobalSection(ExtensibilityGlobals) = postSolution
		SolutionGuid = {94571091-1523-405E-A0A5-ED1FB2E15B99}
	EndGlobalSection
EndGlobal
